
Microsoft Visual Studio Solution File, Format Version 12.00
# Visual Studio Version 17
VisualStudioVersion = 17.11.35312.102
MinimumVisualStudioVersion = 10.0.40219.1
Project("{FAE04EC0-301F-11D3-BF4B-00C04F79EFBC}") = "CSharpEgitimKampi2", "CSharpEgitimKampi2\CSharpEgitimKampi2.csproj", "{18A0B137-FB8C-4966-9256-EFA4F39AE9D1}"
EndProject
Global
	GlobalSection(SolutionConfigurationPlatforms) = preSolution
		Debug|Any CPU = Debug|Any CPU
		Release|Any CPU = Release|Any CPU
	EndGlobalSection
	GlobalSection(ProjectConfigurationPlatforms) = postSolution
		{18A0B137-FB8C-4966-9256-EFA4F39AE9D1}.Debug|Any CPU.ActiveCfg = Debug|Any CPU
		{18A0B137-FB8C-4966-9256-EFA4F39AE9D1}.Debug|Any CPU.Build.0 = Debug|Any CPU
		{18A0B137-FB8C-4966-9256-EFA4F39AE9D1}.Release|Any CPU.ActiveCfg = Release|Any CPU
		{18A0B137-FB8C-4966-9256-EFA4F39AE9D1}.Release|Any CPU.Build.0 = Release|Any CPU
	EndGlobalSection
	GlobalSection(SolutionProperties) = preSolution
		HideSolutionNode = FALSE
	EndGlobalSection
	GlobalSection(ExtensibilityGlobals) = postSolution
		SolutionGuid = {F3024E3D-E54E-4665-9375-B2C20CD1E2CD}
	EndGlobalSection
EndGlobal
